
Microsoft Visual Studio Solution File, Format Version 12.00
# Visual Studio Version 17
VisualStudioVersion = 17.0.31912.275
MinimumVisualStudioVersion = 10.0.40219.1
Project("{FAE04EC0-301F-11D3-BF4B-00C04F79EFBC}") = "AnimalsOOP", "src\AnimalsOOP.csproj", "{C0AEE21D-9C78-40DE-AADF-2238449F1E9F}"
EndProject
Global
	GlobalSection(SolutionConfigurationPlatforms) = preSolution
		Debug|Any CPU = Debug|Any CPU
		Release|Any CPU = Release|Any CPU
	EndGlobalSection
	GlobalSection(ProjectConfigurationPlatforms) = postSolution
		{C0AEE21D-9C78-40DE-AADF-2238449F1E9F}.Debug|Any CPU.ActiveCfg = Debug|Any CPU
		{C0AEE21D-9C78-40DE-AADF-2238449F1E9F}.Debug|Any CPU.Build.0 = Debug|Any CPU
		{C0AEE21D-9C78-40DE-AADF-2238449F1E9F}.Release|Any CPU.ActiveCfg = Release|Any CPU
		{C0AEE21D-9C78-40DE-AADF-2238449F1E9F}.Release|Any CPU.Build.0 = Release|Any CPU
	EndGlobalSection
	GlobalSection(SolutionProperties) = preSolution
		HideSolutionNode = FALSE
	EndGlobalSection
	GlobalSection(ExtensibilityGlobals) = postSolution
		SolutionGuid = {02E6B38E-EB0A-4843-A9BD-B3CCCB888BB3}
	EndGlobalSection
EndGlobal
